Microsoft Visual Studio Solution File, Format Version 12.00
# Visual Studio Version 17
VisualStudioVersion = 17.7.34202.233
MinimumVisualStudioVersion = 10.0.40219.1
Project("{9A19103F-16F7-4668-BE54-9A1E7A4F7556}") = "WinDama", "WinDama1.0\WinDama.csproj", "{2256022F-BD00-4463-A2A8-9ECF44EFF0BB}"
EndProject
Project("{9A19103F-16F7-4668-BE54-9A1E7A4F7556}") = "WinDama.Core", "WinDama.Core\WinDama.Core.csproj", "{6E2A6ED7-3E3D-4B7B-9012-68EE2DB97D4B}"
EndProject
Project("{9A19103F-16F7-4668-BE54-9A1E7A4F7556}") = "WinDama.Tests", "WinDama.Tests\WinDama.Tests.csproj", "{9A4670C6-9D29-47A4-9C2C-3319E839C66F}"
EndProject
Global
	GlobalSection(SolutionConfigurationPlatforms) = preSolution
		Debug|Any CPU = Debug|Any CPU
		Release|Any CPU = Release|Any CPU
	EndGlobalSection
	GlobalSection(ProjectConfigurationPlatforms) = postSolution
		{2256022F-BD00-4463-A2A8-9ECF44EFF0BB}.Debug|Any CPU.ActiveCfg = Debug|Any CPU
		{2256022F-BD00-4463-A2A8-9ECF44EFF0BB}.Debug|Any CPU.Build.0 = Debug|Any CPU
		{2256022F-BD00-4463-A2A8-9ECF44EFF0BB}.Release|Any CPU.ActiveCfg = Release|Any CPU
		{2256022F-BD00-4463-A2A8-9ECF44EFF0BB}.Release|Any CPU.Build.0 = Release|Any CPU
		{6E2A6ED7-3E3D-4B7B-9012-68EE2DB97D4B}.Debug|Any CPU.ActiveCfg = Debug|Any CPU
		{6E2A6ED7-3E3D-4B7B-9012-68EE2DB97D4B}.Debug|Any CPU.Build.0 = Debug|Any CPU
		{6E2A6ED7-3E3D-4B7B-9012-68EE2DB97D4B}.Release|Any CPU.ActiveCfg = Release|Any CPU
		{6E2A6ED7-3E3D-4B7B-9012-68EE2DB97D4B}.Release|Any CPU.Build.0 = Release|Any CPU
		{9A4670C6-9D29-47A4-9C2C-3319E839C66F}.Debug|Any CPU.ActiveCfg = Debug|Any CPU
		{9A4670C6-9D29-47A4-9C2C-3319E839C66F}.Debug|Any CPU.Build.0 = Debug|Any CPU
		{9A4670C6-9D29-47A4-9C2C-3319E839C66F}.Release|Any CPU.ActiveCfg = Release|Any CPU
		{9A4670C6-9D29-47A4-9C2C-3319E839C66F}.Release|Any CPU.Build.0 = Release|Any CPU
	EndGlobalSection
	GlobalSection(SolutionProperties) = preSolution
		HideSolutionNode = FALSE
	EndGlobalSection
	GlobalSection(ExtensibilityGlobals) = postSolution
		SolutionGuid = {38DC3B25-83C2-4B42-BB63-7C6CA006EE88}
	EndGlobalSection
EndGlobal
